
Microsoft Visual Studio Solution File, Format Version 12.00
# Visual Studio Version 17
VisualStudioVersion = 17.5.33516.290
MinimumVisualStudioVersion = 10.0.40219.1
Project("{9A19103F-16F7-4668-BE54-9A1E7A4F7556}") = "Lib2", "src\Lib2\Lib2.csproj", "{66291499-E5CD-4035-8580-A5A37DFEB1C3}"
EndProject
Project("{2150E333-8FDC-42A3-9474-1A3956D46DE8}") = "src", "src", "{AEB4F5EE-2C52-4718-A772-75933703D30C}"
EndProject
Project("{2150E333-8FDC-42A3-9474-1A3956D46DE8}") = "test", "test", "{EFF52988-7E40-41E8-B6B4-D00E0AC31BBE}"
EndProject
Project("{FAE04EC0-301F-11D3-BF4B-00C04F79EFBC}") = "Lib2.Tests", "test\Lib2.Tests\Lib2.Tests.csproj", "{C91117BD-DC73-4EC5-89A6-B34364251A0A}"
EndProject
Global
	GlobalSection(SolutionConfigurationPlatforms) = preSolution
		Debug|Any CPU = Debug|Any CPU
		Release|Any CPU = Release|Any CPU
	EndGlobalSection
	GlobalSection(ProjectConfigurationPlatforms) = postSolution
		{66291499-E5CD-4035-8580-A5A37DFEB1C3}.Debug|Any CPU.ActiveCfg = Debug|Any CPU
		{66291499-E5CD-4035-8580-A5A37DFEB1C3}.Debug|Any CPU.Build.0 = Debug|Any CPU
		{66291499-E5CD-4035-8580-A5A37DFEB1C3}.Release|Any CPU.ActiveCfg = Release|Any CPU
		{66291499-E5CD-4035-8580-A5A37DFEB1C3}.Release|Any CPU.Build.0 = Release|Any CPU
		{C91117BD-DC73-4EC5-89A6-B34364251A0A}.Debug|Any CPU.ActiveCfg = Debug|Any CPU
		{C91117BD-DC73-4EC5-89A6-B34364251A0A}.Debug|Any CPU.Build.0 = Debug|Any CPU
		{C91117BD-DC73-4EC5-89A6-B34364251A0A}.Release|Any CPU.ActiveCfg = Release|Any CPU
		{C91117BD-DC73-4EC5-89A6-B34364251A0A}.Release|Any CPU.Build.0 = Release|Any CPU
	EndGlobalSection
	GlobalSection(SolutionProperties) = preSolution
		HideSolutionNode = FALSE
	EndGlobalSection
	GlobalSection(NestedProjects) = preSolution
		{66291499-E5CD-4035-8580-A5A37DFEB1C3} = {AEB4F5EE-2C52-4718-A772-75933703D30C}
		{C91117BD-DC73-4EC5-89A6-B34364251A0A} = {EFF52988-7E40-41E8-B6B4-D00E0AC31BBE}
	EndGlobalSection
	GlobalSection(ExtensibilityGlobals) = postSolution
		SolutionGuid = {2882A6A2-D581-4BCA-8543-B765DDE30219}
	EndGlobalSection
EndGlobal
